github.com/go-json-experiment/json v0.0.0-20260214004413-d219187c3433 h1:vymEbVwYFP/L05h5TKQxvkXoKxNvTpjxYKdF1Nlwuao=
github.com/go-json-experiment/json v0.0.0-20260214004413-d219187c3433/go.mod h1:tphK2c80bpPhMOI4v6bIc2xWywPfbqi1Z06+RcrMkDg=
github.com/google/go-cmp v0.7.0 h1:wk8382ETsv4JYUZwIsn6YpYiWiBsYLSJiTsyBybVuN8=
github.com/google/go-cmp v0.7.0/go.mod h1:pXiqmnSA92OHEEa9HXL2W4E7lf9JzCmGVUdgjX3N/iU=
github.com/klauspost/cpuid/v2 v2.2.10 h1:tBs3QSyvjDyFTq3uoc/9xFpCuOsJQFNPiAhYdw2skhE=
github.com/klauspost/cpuid/v2 v2.2.10/go.mod h1:hqwkgyIinND0mEev00jJYCxPNVRVXFQeu1XKlok6oO0=
github.com/microsoft/typescript-go v0.0.0-20260429010842-56ab4af42157 h1:llOMPhKDiQ+UEJiAaQuuWaJOTg5V7tNNTEf9JPWoYSY=
github.com/microsoft/typescript-go v0.0.0-20260429010842-56ab4af42157/go.mod h1:m8YA0PMC7ti0GW0RI05D6fEcjQeu98XVS+FWF+VDW2k=
github.com/peter-evans/patience v0.3.0 h1:rX0JdJeepqdQl1Sk9c9uvorjYYzL2TfgLX1adqYm9cA=
github.com/peter-evans/patience v0.3.0/go.mod h1:Kmxu5sY1NmBLFSStvXjX1wS9mIv7wMcP/ubucyMOAu0=
github.com/samchon/ttsc/packages/ttsc v0.0.0-20260709053824-84bdc4acccb0 h1:j6jDYzWEow5+0KacfIzsi8xV9t0MTcShfNHYiPJk2LA=
github.com/samchon/ttsc/packages/ttsc v0.0.0-20260709053824-84bdc4acccb0/go.mod h1:w1lJWUKJ3tMV+vAG2S8aj4c5E5m+OzA66tLh8a0dlUY=
github.com/samchon/ttsc/packages/ttsc/shim/ast v0.0.0-20260709053824-84bdc4acccb0 h1:v015/xr8MaQMLoYqPQXu5lUrEQmnG1D3V5zzlDUus6U=
github.com/samchon/ttsc/packages/ttsc/shim/ast v0.0.0-20260709053824-84bdc4acccb0/go.mod h1:BCVAEArtMC+X1laJmDwxlsRROIQIYvHeT7Dl0gNjT0A=
github.com/samchon/ttsc/packages/ttsc/shim/bundled v0.0.0-20260709053824-84bdc4acccb0 h1:EEeHe7pRKahBDyoUkBwQ8zFpzSswNj0JEhhrKwFpQTg=
github.com/samchon/ttsc/packages/ttsc/shim/bundled v0.0.0-20260709053824-84bdc4acccb0/go.mod h1:0tz+Y8szXmEpXWHWVrLrv11ga1z6tQJQErkUyIWJ9RQ=
github.com/samchon/ttsc/packages/ttsc/shim/checker v0.0.0-20260709053824-84bdc4acccb0 h1:sMwvPvb2gbVJ9JODyPYAmUPObU5YX5XkBihrex9pw7s=
github.com/samchon/ttsc/packages/ttsc/shim/checker v0.0.0-20260709053824-84bdc4acccb0/go.mod h1:4xfafgG/qosSp8f0tCf83assFoUKRdGHhvPD1EI9LKg=
github.com/samchon/ttsc/packages/ttsc/shim/compiler v0.0.0-20260709053824-84bdc4acccb0 h1:jmrwyhAcdD56mQSAm96sUZxs2F+5902VnHhNzYTAdhw=
github.com/samchon/ttsc/packages/ttsc/shim/compiler v0.0.0-20260709053824-84bdc4acccb0/go.mod h1:s12vcy3pf6RYDxXcyiK7448DiK+Ol9qx3cjiInd1uxw=
github.com/samchon/ttsc/packages/ttsc/shim/core v0.0.0-20260709053824-84bdc4acccb0 h1:Y8wMEDosAZu6lELpWWbJf2IyCZNQZBLQQX+K//8nwc8=
github.com/samchon/ttsc/packages/ttsc/shim/core v0.0.0-20260709053824-84bdc4acccb0/go.mod h1:DUewcVNEdXyDveQholE4GAsiqqA3C2+SJYqia3nCf00=
github.com/samchon/ttsc/packages/ttsc/shim/diagnosticwriter v0.0.0-20260709053824-84bdc4acccb0 h1:rpRxTBX5DOVeuzMDojBU0PRfdUZXQ7T/rp+Md0yP2VY=
github.com/samchon/ttsc/packages/ttsc/shim/diagnosticwriter v0.0.0-20260709053824-84bdc4acccb0/go.mod h1:v86GtrD7qALo6Xkgz1MDomPMSV2D9NdniQWB5t8eY6k=
github.com/samchon/ttsc/packages/ttsc/shim/parser v0.0.0-20260709053824-84bdc4acccb0 h1:sWGdmZHFtlgdAI3m4LNKZSTCf7jK1+GMs5sJDGSep+M=
github.com/samchon/ttsc/packages/ttsc/shim/parser v0.0.0-20260709053824-84bdc4acccb0/go.mod h1:inUjC/bNlCkO0zIzHZRXlHR/WgLcK0vi2KLc7tpQ1ek=
github.com/samchon/ttsc/packages/ttsc/shim/printer v0.0.0-20260709053824-84bdc4acccb0 h1:7cxbkCAQ85dKpeuB0uwkAcQr8akOSDcVRNp6RJCiFYg=
github.com/samchon/ttsc/packages/ttsc/shim/printer v0.0.0-20260709053824-84bdc4acccb0/go.mod h1:Hz8BbCqKCrykLfIX+PburWsGEKR8+bkrBJDe2TMLLS0=
github.com/samchon/ttsc/packages/ttsc/shim/scanner v0.0.0-20260709053824-84bdc4acccb0 h1:Ua1uEGKXX/SPrbNPFoS5FAoFrBlM56ecX2s+eeHmbQQ=
github.com/samchon/ttsc/packages/ttsc/shim/scanner v0.0.0-20260709053824-84bdc4acccb0/go.mod h1:abIC7C28cUA5IQKmLJulsl2qOvmimhkMNOfjJhRm5jM=
github.com/samchon/ttsc/packages/ttsc/shim/tsoptions v0.0.0-20260709053824-84bdc4acccb0 h1:ySIVZhDxe0u5sb3GtFFQ8leXar69QZjCYgPKGBEkIQA=
github.com/samchon/ttsc/packages/ttsc/shim/tsoptions v0.0.0-20260709053824-84bdc4acccb0/go.mod h1:EQwrCr3nY0U1SZBNyp6cQSogAiXsjFxTuT8NlMit1lc=
github.com/samchon/ttsc/packages/ttsc/shim/tspath v0.0.0-20260709053824-84bdc4acccb0 h1:bY1Rdiqs6rc7S7/YbY3gWJoXvTeb7LhXMNYrl6fvp1E=
github.com/samchon/ttsc/packages/ttsc/shim/tspath v0.0.0-20260709053824-84bdc4acccb0/go.mod h1:hsE2c1bZquSNlDLIkT3SfLH3MrDmMk1BLzWI/KomT1A=
github.com/samchon/ttsc/packages/ttsc/shim/vfs v0.0.0-20260709053824-84bdc4acccb0 h1:FU0AuiZLsw9kMU4Fy56XvhJ3bD99n5WTkjJh93gB0m0=
github.com/samchon/ttsc/packages/ttsc/shim/vfs v0.0.0-20260709053824-84bdc4acccb0/go.mod h1:HoQcoC0FEG3iMI6zvjg8r6j/ves+RVH6SRn48VSi5H0=
github.com/samchon/ttsc/packages/ttsc/shim/vfs/cachedvfs v0.0.0-20260709053824-84bdc4acccb0 h1:rOw6pmYXNlaC0KKG9D38HTJEsfNiDI1+u2mBA8QRbZ8=
github.com/samchon/ttsc/packages/ttsc/shim/vfs/cachedvfs v0.0.0-20260709053824-84bdc4acccb0/go.mod h1:XS3LhXkn5xadyRe3tW+9+suW/7gh7dPdL43Q+s/lUDo=
github.com/samchon/ttsc/packages/ttsc/shim/vfs/osvfs v0.0.0-20260709053824-84bdc4acccb0 h1:LXPQxe57qlWiHG5s8pQOKZD4nZRnRkrKIDsdJVfh2ws=
github.com/samchon/ttsc/packages/ttsc/shim/vfs/osvfs v0.0.0-20260709053824-84bdc4acccb0/go.mod h1:otX+qw8aZLNCoBmCwMAn53Nw0RQTPzSoId3DxmE67So=
github.com/samchon/typia/packages/typia/native v0.0.0-20260709134626-fd1c6686950f h1:8axuxtT7YdYhJy7so6SDxVK2oJPDkq8vl55K+nTudtw=
github.com/samchon/typia/packages/typia/native v0.0.0-20260709134626-fd1c6686950f/go.mod h1:SJDrfiCEK5dtObhJeAl0iqelqmmFm/JIjfJ6z0kID60=
github.com/zeebo/assert v1.3.0 h1:g7C04CbJuIDKNPFHmsk4hwZDO5O+kntRxzaUoNXj+IQ=
github.com/zeebo/assert v1.3.0/go.mod h1:Pq9JiuJQpG8JLJdtkwrJESF0Foym2/D9XMU5ciN/wJ0=
github.com/zeebo/xxh3 v1.1.0 h1:s7DLGDK45Dyfg7++yxI0khrfwq9661w9EN78eP/UZVs=
github.com/zeebo/xxh3 v1.1.0/go.mod h1:IisAie1LELR4xhVinxWS5+zf1lA4p0MW4T+w+W07F5s=
golang.org/x/sync v0.20.0 h1:e0PTpb7pjO8GAtTs2dQ6jYa5BWYlMuX047Dco/pItO4=
golang.org/x/sync v0.20.0/go.mod h1:9xrNwdLfx4jkKbNva9FpL6vEN7evnE43NNNJQ2LF3+0=
golang.org/x/sys v0.43.0 h1:Rlag2XtaFTxp19wS8MXlJwTvoh8ArU6ezoyFsMyCTNI=
golang.org/x/sys v0.43.0/go.mod h1:4GL1E5IUh+htKOUEOaiffhrAeqysfVGipDYzABqnCmw=
golang.org/x/text v0.36.0 h1:JfKh3XmcRPqZPKevfXVpI1wXPTqbkE5f7JA92a55Yxg=
golang.org/x/text v0.36.0/go.mod h1:NIdBknypM8iqVmPiuco0Dh6P5Jcdk8lJL0CUebqK164=
gotest.tools/v3 v3.5.2 h1:7koQfIKdy+I8UTetycgUqXWSDwpgv193Ka+qRsmBY8Q=
gotest.tools/v3 v3.5.2/go.mod h1:LtdLGcnqToBH83WByAAi/wiwSFCArdFIUV/xxN4pcjA=
