github.com/go-json-experiment/json v0.0.0-20260214004413-d219187c3433 h1:vymEbVwYFP/L05h5TKQxvkXoKxNvTpjxYKdF1Nlwuao=
github.com/go-json-experiment/json v0.0.0-20260214004413-d219187c3433/go.mod h1:tphK2c80bpPhMOI4v6bIc2xWywPfbqi1Z06+RcrMkDg=
github.com/google/go-cmp v0.7.0 h1:wk8382ETsv4JYUZwIsn6YpYiWiBsYLSJiTsyBybVuN8=
github.com/google/go-cmp v0.7.0/go.mod h1:pXiqmnSA92OHEEa9HXL2W4E7lf9JzCmGVUdgjX3N/iU=
github.com/klauspost/cpuid/v2 v2.2.10 h1:tBs3QSyvjDyFTq3uoc/9xFpCuOsJQFNPiAhYdw2skhE=
github.com/klauspost/cpuid/v2 v2.2.10/go.mod h1:hqwkgyIinND0mEev00jJYCxPNVRVXFQeu1XKlok6oO0=
github.com/microsoft/typescript-go v0.0.0-20260429010842-56ab4af42157 h1:llOMPhKDiQ+UEJiAaQuuWaJOTg5V7tNNTEf9JPWoYSY=
github.com/microsoft/typescript-go v0.0.0-20260429010842-56ab4af42157/go.mod h1:m8YA0PMC7ti0GW0RI05D6fEcjQeu98XVS+FWF+VDW2k=
github.com/peter-evans/patience v0.3.0 h1:rX0JdJeepqdQl1Sk9c9uvorjYYzL2TfgLX1adqYm9cA=
github.com/peter-evans/patience v0.3.0/go.mod h1:Kmxu5sY1NmBLFSStvXjX1wS9mIv7wMcP/ubucyMOAu0=
github.com/samchon/ttsc/packages/ttsc v0.0.0-20260519112110-ec1cdf69c509 h1:9XOcQrnIVJ9ZSS2COtZhVgRyMgNojuWV1x/775QXdYk=
github.com/samchon/ttsc/packages/ttsc v0.0.0-20260519112110-ec1cdf69c509/go.mod h1:V3pedIezHwCYObKxD174holEgc0yyMcGx+4eCI+dgRw=
github.com/samchon/ttsc/packages/ttsc v0.0.0-20260605102019-02361f943e18 h1:s7kvBiLEdAs6ZIAymFdhEThDPogRhTe0JCEcfvL0kHI=
github.com/samchon/ttsc/packages/ttsc v0.0.0-20260605102019-02361f943e18/go.mod h1:w1lJWUKJ3tMV+vAG2S8aj4c5E5m+OzA66tLh8a0dlUY=
github.com/samchon/ttsc/packages/ttsc/shim/ast v0.0.0-20260519112110-ec1cdf69c509 h1:dPku/IntYFpiKuKpsM78WwwxyIdl1QeCRm5hYah7998=
github.com/samchon/ttsc/packages/ttsc/shim/ast v0.0.0-20260519112110-ec1cdf69c509/go.mod h1:BCVAEArtMC+X1laJmDwxlsRROIQIYvHeT7Dl0gNjT0A=
github.com/samchon/ttsc/packages/ttsc/shim/ast v0.0.0-20260605102019-02361f943e18 h1:3uzwQ6xZJtuZq8TSM142oN1xSXxju3NimTwljFUI2vM=
github.com/samchon/ttsc/packages/ttsc/shim/ast v0.0.0-20260605102019-02361f943e18/go.mod h1:BCVAEArtMC+X1laJmDwxlsRROIQIYvHeT7Dl0gNjT0A=
github.com/samchon/ttsc/packages/ttsc/shim/bundled v0.0.0-20260519112110-ec1cdf69c509 h1:xo5hPei0KG1R0duQhs3R8ty3NeB/+uNKo8PfcRej/bI=
github.com/samchon/ttsc/packages/ttsc/shim/bundled v0.0.0-20260519112110-ec1cdf69c509/go.mod h1:0tz+Y8szXmEpXWHWVrLrv11ga1z6tQJQErkUyIWJ9RQ=
github.com/samchon/ttsc/packages/ttsc/shim/bundled v0.0.0-20260605102019-02361f943e18 h1:9Mh7qKdmOiwc8nSI1xKYfEz4C1az2gH/w+zxS3Xd8GA=
github.com/samchon/ttsc/packages/ttsc/shim/bundled v0.0.0-20260605102019-02361f943e18/go.mod h1:0tz+Y8szXmEpXWHWVrLrv11ga1z6tQJQErkUyIWJ9RQ=
github.com/samchon/ttsc/packages/ttsc/shim/checker v0.0.0-20260519112110-ec1cdf69c509 h1:NsY7Sx27yCLEiHAMQW/FZ9K08AeyfqCFfARbv3YW58Y=
github.com/samchon/ttsc/packages/ttsc/shim/checker v0.0.0-20260519112110-ec1cdf69c509/go.mod h1:4xfafgG/qosSp8f0tCf83assFoUKRdGHhvPD1EI9LKg=
github.com/samchon/ttsc/packages/ttsc/shim/checker v0.0.0-20260605102019-02361f943e18 h1:a63O6m24fjVERrjxYsEW1+MFunURl2aStDduflpvwa4=
github.com/samchon/ttsc/packages/ttsc/shim/checker v0.0.0-20260605102019-02361f943e18/go.mod h1:4xfafgG/qosSp8f0tCf83assFoUKRdGHhvPD1EI9LKg=
github.com/samchon/ttsc/packages/ttsc/shim/compiler v0.0.0-20260519112110-ec1cdf69c509 h1:P0842cLEeKSbUEcr02bojbFeejJNymsoybBvSQImpGc=
github.com/samchon/ttsc/packages/ttsc/shim/compiler v0.0.0-20260519112110-ec1cdf69c509/go.mod h1:e9awlg1eXjc1Hzx9waw6UEV/2qYJbgo8zFPwQ0mpzig=
github.com/samchon/ttsc/packages/ttsc/shim/compiler v0.0.0-20260605102019-02361f943e18 h1:bGTh5T3kPUUVsfwg3HD5z+hkSIrx65Ah39nhYRwExrE=
github.com/samchon/ttsc/packages/ttsc/shim/compiler v0.0.0-20260605102019-02361f943e18/go.mod h1:s12vcy3pf6RYDxXcyiK7448DiK+Ol9qx3cjiInd1uxw=
github.com/samchon/ttsc/packages/ttsc/shim/core v0.0.0-20260519112110-ec1cdf69c509 h1:CVP3DmC77r5Dei7YziDmwlb7h+h4Z7tUAi3sdHY3PQ0=
github.com/samchon/ttsc/packages/ttsc/shim/core v0.0.0-20260519112110-ec1cdf69c509/go.mod h1:DUewcVNEdXyDveQholE4GAsiqqA3C2+SJYqia3nCf00=
github.com/samchon/ttsc/packages/ttsc/shim/core v0.0.0-20260605102019-02361f943e18 h1:nz//JEvG75JFPTMHQYB1RHIc6DznLcL6vzdQtaf5rgA=
github.com/samchon/ttsc/packages/ttsc/shim/core v0.0.0-20260605102019-02361f943e18/go.mod h1:DUewcVNEdXyDveQholE4GAsiqqA3C2+SJYqia3nCf00=
github.com/samchon/ttsc/packages/ttsc/shim/diagnosticwriter v0.0.0-20260519112110-ec1cdf69c509 h1:pSweRJg4DabeOefKJks+adGJ6lvDfCS0GtaKEzUdOl8=
github.com/samchon/ttsc/packages/ttsc/shim/diagnosticwriter v0.0.0-20260519112110-ec1cdf69c509/go.mod h1:v86GtrD7qALo6Xkgz1MDomPMSV2D9NdniQWB5t8eY6k=
github.com/samchon/ttsc/packages/ttsc/shim/diagnosticwriter v0.0.0-20260605102019-02361f943e18 h1:FTRUqPUpRheMr768KjZX1hUL9DFbw7msrX4JhVgoChc=
github.com/samchon/ttsc/packages/ttsc/shim/diagnosticwriter v0.0.0-20260605102019-02361f943e18/go.mod h1:v86GtrD7qALo6Xkgz1MDomPMSV2D9NdniQWB5t8eY6k=
github.com/samchon/ttsc/packages/ttsc/shim/parser v0.0.0-20260519112110-ec1cdf69c509 h1:+rhP0a1sNPduYsK1EbL88XFvfAEH3xwNPz04Bz50QGk=
github.com/samchon/ttsc/packages/ttsc/shim/parser v0.0.0-20260519112110-ec1cdf69c509/go.mod h1:inUjC/bNlCkO0zIzHZRXlHR/WgLcK0vi2KLc7tpQ1ek=
github.com/samchon/ttsc/packages/ttsc/shim/parser v0.0.0-20260605102019-02361f943e18 h1:pijrqWfb3+hh3mQ2u6dm+bgHfjSh23i0c92V8ZE0O4Q=
github.com/samchon/ttsc/packages/ttsc/shim/parser v0.0.0-20260605102019-02361f943e18/go.mod h1:inUjC/bNlCkO0zIzHZRXlHR/WgLcK0vi2KLc7tpQ1ek=
github.com/samchon/ttsc/packages/ttsc/shim/printer v0.0.0-20260519112110-ec1cdf69c509 h1:jIEZj4iuDiSFGYQIcBfPTOEOKsw1OiFt1Mii4sDpwu0=
github.com/samchon/ttsc/packages/ttsc/shim/printer v0.0.0-20260519112110-ec1cdf69c509/go.mod h1:ESjhY+UiPRspef4JcXcUPNgt4ySQQrlVIUCLKaKeyEQ=
github.com/samchon/ttsc/packages/ttsc/shim/printer v0.0.0-20260605102019-02361f943e18 h1:4Olqu+/s5oELI2ADIrzazyfVFAedStt2iRY2AtFyczw=
github.com/samchon/ttsc/packages/ttsc/shim/printer v0.0.0-20260605102019-02361f943e18/go.mod h1:Hz8BbCqKCrykLfIX+PburWsGEKR8+bkrBJDe2TMLLS0=
github.com/samchon/ttsc/packages/ttsc/shim/scanner v0.0.0-20260519112110-ec1cdf69c509 h1:ojNRfmIQ6iRGixkd0UN5b9X4BIji7B2tvaC+U9DzezE=
github.com/samchon/ttsc/packages/ttsc/shim/scanner v0.0.0-20260519112110-ec1cdf69c509/go.mod h1:abIC7C28cUA5IQKmLJulsl2qOvmimhkMNOfjJhRm5jM=
github.com/samchon/ttsc/packages/ttsc/shim/scanner v0.0.0-20260605102019-02361f943e18 h1:8N5vpbY6rjSLIP3AX3gQB5ulaMzdiCRVN7ism+zoMSY=
github.com/samchon/ttsc/packages/ttsc/shim/scanner v0.0.0-20260605102019-02361f943e18/go.mod h1:abIC7C28cUA5IQKmLJulsl2qOvmimhkMNOfjJhRm5jM=
github.com/samchon/ttsc/packages/ttsc/shim/tsoptions v0.0.0-20260519112110-ec1cdf69c509 h1:A82Zh/CGlOrit4/tmWqiibutfI/ymj2q2U29rShOkLU=
github.com/samchon/ttsc/packages/ttsc/shim/tsoptions v0.0.0-20260519112110-ec1cdf69c509/go.mod h1:EQwrCr3nY0U1SZBNyp6cQSogAiXsjFxTuT8NlMit1lc=
github.com/samchon/ttsc/packages/ttsc/shim/tsoptions v0.0.0-20260605102019-02361f943e18 h1:MaW8oinC5/Ady0ViaEi9dOJ1CEEMsKTB2lshyUV+nSk=
github.com/samchon/ttsc/packages/ttsc/shim/tsoptions v0.0.0-20260605102019-02361f943e18/go.mod h1:EQwrCr3nY0U1SZBNyp6cQSogAiXsjFxTuT8NlMit1lc=
github.com/samchon/ttsc/packages/ttsc/shim/tspath v0.0.0-20260519112110-ec1cdf69c509 h1:0GpravTbiWFkotq0V5mCYf719slkFEiqdOJ//00NuGI=
github.com/samchon/ttsc/packages/ttsc/shim/tspath v0.0.0-20260519112110-ec1cdf69c509/go.mod h1:hsE2c1bZquSNlDLIkT3SfLH3MrDmMk1BLzWI/KomT1A=
github.com/samchon/ttsc/packages/ttsc/shim/tspath v0.0.0-20260605102019-02361f943e18 h1:2M5RUDGTHDRLuJiXdv++ED4WKcQ6ffZ5PIDzFPZnS5w=
github.com/samchon/ttsc/packages/ttsc/shim/tspath v0.0.0-20260605102019-02361f943e18/go.mod h1:hsE2c1bZquSNlDLIkT3SfLH3MrDmMk1BLzWI/KomT1A=
github.com/samchon/ttsc/packages/ttsc/shim/vfs v0.0.0-20260519112110-ec1cdf69c509 h1:H7ZPgQ8g8uAQrrzKnnYrpxNgUFV245r5ZiLcT5BCxRc=
github.com/samchon/ttsc/packages/ttsc/shim/vfs v0.0.0-20260519112110-ec1cdf69c509/go.mod h1:HoQcoC0FEG3iMI6zvjg8r6j/ves+RVH6SRn48VSi5H0=
github.com/samchon/ttsc/packages/ttsc/shim/vfs v0.0.0-20260605102019-02361f943e18 h1:iy+nYfhUDPHUHUR+xBO5FPj3J7kA14cKtS+yXmWGpxU=
github.com/samchon/ttsc/packages/ttsc/shim/vfs v0.0.0-20260605102019-02361f943e18/go.mod h1:HoQcoC0FEG3iMI6zvjg8r6j/ves+RVH6SRn48VSi5H0=
github.com/samchon/ttsc/packages/ttsc/shim/vfs/cachedvfs v0.0.0-20260519112110-ec1cdf69c509 h1:LpTjuXHHUWskujIXRrbYsuxVWTXHxGG732EheCOVBZ0=
github.com/samchon/ttsc/packages/ttsc/shim/vfs/cachedvfs v0.0.0-20260519112110-ec1cdf69c509/go.mod h1:XS3LhXkn5xadyRe3tW+9+suW/7gh7dPdL43Q+s/lUDo=
github.com/samchon/ttsc/packages/ttsc/shim/vfs/cachedvfs v0.0.0-20260605102019-02361f943e18 h1:YUFRat3wEzlcqtMi8rYo37W/JLDCtCMI5/KyVyfebbA=
github.com/samchon/ttsc/packages/ttsc/shim/vfs/cachedvfs v0.0.0-20260605102019-02361f943e18/go.mod h1:XS3LhXkn5xadyRe3tW+9+suW/7gh7dPdL43Q+s/lUDo=
github.com/samchon/ttsc/packages/ttsc/shim/vfs/osvfs v0.0.0-20260519112110-ec1cdf69c509 h1:ESHedCnmU7U9bhHD3o5DxWgE5QCOye4FW/TDw6MhXw8=
github.com/samchon/ttsc/packages/ttsc/shim/vfs/osvfs v0.0.0-20260519112110-ec1cdf69c509/go.mod h1:otX+qw8aZLNCoBmCwMAn53Nw0RQTPzSoId3DxmE67So=
github.com/samchon/ttsc/packages/ttsc/shim/vfs/osvfs v0.0.0-20260605102019-02361f943e18 h1:ZkdsYuza/vnoilcyB7oUy6joYdnpQGntrfCaKI/24Lw=
github.com/samchon/ttsc/packages/ttsc/shim/vfs/osvfs v0.0.0-20260605102019-02361f943e18/go.mod h1:otX+qw8aZLNCoBmCwMAn53Nw0RQTPzSoId3DxmE67So=
github.com/samchon/typia/packages/typia/native v0.0.0-20260605060028-1dfa7ca6193e h1:XmQoxB+Hne1B9zDvZhJ42r/b2ZhdpU8PzQKP7qcnP7o=
github.com/samchon/typia/packages/typia/native v0.0.0-20260605060028-1dfa7ca6193e/go.mod h1:SJDrfiCEK5dtObhJeAl0iqelqmmFm/JIjfJ6z0kID60=
github.com/zeebo/assert v1.3.0 h1:g7C04CbJuIDKNPFHmsk4hwZDO5O+kntRxzaUoNXj+IQ=
github.com/zeebo/assert v1.3.0/go.mod h1:Pq9JiuJQpG8JLJdtkwrJESF0Foym2/D9XMU5ciN/wJ0=
github.com/zeebo/xxh3 v1.1.0 h1:s7DLGDK45Dyfg7++yxI0khrfwq9661w9EN78eP/UZVs=
github.com/zeebo/xxh3 v1.1.0/go.mod h1:IisAie1LELR4xhVinxWS5+zf1lA4p0MW4T+w+W07F5s=
golang.org/x/sync v0.20.0 h1:e0PTpb7pjO8GAtTs2dQ6jYa5BWYlMuX047Dco/pItO4=
golang.org/x/sync v0.20.0/go.mod h1:9xrNwdLfx4jkKbNva9FpL6vEN7evnE43NNNJQ2LF3+0=
golang.org/x/sys v0.43.0 h1:Rlag2XtaFTxp19wS8MXlJwTvoh8ArU6ezoyFsMyCTNI=
golang.org/x/sys v0.43.0/go.mod h1:4GL1E5IUh+htKOUEOaiffhrAeqysfVGipDYzABqnCmw=
golang.org/x/text v0.36.0 h1:JfKh3XmcRPqZPKevfXVpI1wXPTqbkE5f7JA92a55Yxg=
golang.org/x/text v0.36.0/go.mod h1:NIdBknypM8iqVmPiuco0Dh6P5Jcdk8lJL0CUebqK164=
gotest.tools/v3 v3.5.2 h1:7koQfIKdy+I8UTetycgUqXWSDwpgv193Ka+qRsmBY8Q=
gotest.tools/v3 v3.5.2/go.mod h1:LtdLGcnqToBH83WByAAi/wiwSFCArdFIUV/xxN4pcjA=
