github.com/go-json-experiment/json v0.0.0-20260214004413-d219187c3433 h1:vymEbVwYFP/L05h5TKQxvkXoKxNvTpjxYKdF1Nlwuao=
github.com/go-json-experiment/json v0.0.0-20260214004413-d219187c3433/go.mod h1:tphK2c80bpPhMOI4v6bIc2xWywPfbqi1Z06+RcrMkDg=
github.com/google/go-cmp v0.7.0 h1:wk8382ETsv4JYUZwIsn6YpYiWiBsYLSJiTsyBybVuN8=
github.com/google/go-cmp v0.7.0/go.mod h1:pXiqmnSA92OHEEa9HXL2W4E7lf9JzCmGVUdgjX3N/iU=
github.com/klauspost/cpuid/v2 v2.2.10 h1:tBs3QSyvjDyFTq3uoc/9xFpCuOsJQFNPiAhYdw2skhE=
github.com/klauspost/cpuid/v2 v2.2.10/go.mod h1:hqwkgyIinND0mEev00jJYCxPNVRVXFQeu1XKlok6oO0=
github.com/microsoft/typescript-go v0.0.0-20260429010842-56ab4af42157 h1:llOMPhKDiQ+UEJiAaQuuWaJOTg5V7tNNTEf9JPWoYSY=
github.com/microsoft/typescript-go v0.0.0-20260429010842-56ab4af42157/go.mod h1:m8YA0PMC7ti0GW0RI05D6fEcjQeu98XVS+FWF+VDW2k=
github.com/peter-evans/patience v0.3.0 h1:rX0JdJeepqdQl1Sk9c9uvorjYYzL2TfgLX1adqYm9cA=
github.com/peter-evans/patience v0.3.0/go.mod h1:Kmxu5sY1NmBLFSStvXjX1wS9mIv7wMcP/ubucyMOAu0=
github.com/samchon/ttsc/packages/ttsc v0.0.0-20260515042402-b1ffbb39cb71 h1:DCe46azidMHWqxewawIjF4x6iqmZGNL+J9zh+2HranQ=
github.com/samchon/ttsc/packages/ttsc v0.0.0-20260515042402-b1ffbb39cb71/go.mod h1:tNypbkbEMafGwwB+jL8faWHvRMIGjPB+GgJAu81fzEw=
github.com/samchon/ttsc/packages/ttsc/shim/ast v0.0.0-20260515042402-b1ffbb39cb71 h1:CxxjVG7TqXx/5IBb0sVe/fBiBjwSwo1kQc0qIKrQi4w=
github.com/samchon/ttsc/packages/ttsc/shim/ast v0.0.0-20260515042402-b1ffbb39cb71/go.mod h1:c+iJv7+oQiCPka/RE4sIxftTBRSzZqPXSqh5LTQwvFE=
github.com/samchon/ttsc/packages/ttsc/shim/bundled v0.0.0-20260515042402-b1ffbb39cb71 h1:s0l6p1iWpaY/NRuWQT++FwHbgjINkevklQY9LO6SmLk=
github.com/samchon/ttsc/packages/ttsc/shim/bundled v0.0.0-20260515042402-b1ffbb39cb71/go.mod h1:0tz+Y8szXmEpXWHWVrLrv11ga1z6tQJQErkUyIWJ9RQ=
github.com/samchon/ttsc/packages/ttsc/shim/checker v0.0.0-20260515042402-b1ffbb39cb71 h1:zRnTM8f8WDhZnZnWbhdlDKSLdbwq2bprkEbFq5hyEyo=
github.com/samchon/ttsc/packages/ttsc/shim/checker v0.0.0-20260515042402-b1ffbb39cb71/go.mod h1:4xfafgG/qosSp8f0tCf83assFoUKRdGHhvPD1EI9LKg=
github.com/samchon/ttsc/packages/ttsc/shim/compiler v0.0.0-20260515042402-b1ffbb39cb71 h1:ZTix2jm+SuZ0spjH47CYnVbJ0gI3lqOX4lsYXCZHqsI=
github.com/samchon/ttsc/packages/ttsc/shim/compiler v0.0.0-20260515042402-b1ffbb39cb71/go.mod h1:e9awlg1eXjc1Hzx9waw6UEV/2qYJbgo8zFPwQ0mpzig=
github.com/samchon/ttsc/packages/ttsc/shim/core v0.0.0-20260515042402-b1ffbb39cb71 h1:M5nY9yY2Bco5HcuHFJnKToKAi+leC6U5YJh+RXwkxes=
github.com/samchon/ttsc/packages/ttsc/shim/core v0.0.0-20260515042402-b1ffbb39cb71/go.mod h1:DUewcVNEdXyDveQholE4GAsiqqA3C2+SJYqia3nCf00=
github.com/samchon/ttsc/packages/ttsc/shim/diagnosticwriter v0.0.0-20260515042402-b1ffbb39cb71 h1:ijTjaHh9VMdE0OpDnI4QOxXYdRTwYDagkY8Q5Zu4/jE=
github.com/samchon/ttsc/packages/ttsc/shim/diagnosticwriter v0.0.0-20260515042402-b1ffbb39cb71/go.mod h1:v86GtrD7qALo6Xkgz1MDomPMSV2D9NdniQWB5t8eY6k=
github.com/samchon/ttsc/packages/ttsc/shim/parser v0.0.0-20260515042402-b1ffbb39cb71 h1:FAXhgDlxtelKxeVEwqkr3J2SstfsN+6ujyS6pFixS44=
github.com/samchon/ttsc/packages/ttsc/shim/parser v0.0.0-20260515042402-b1ffbb39cb71/go.mod h1:inUjC/bNlCkO0zIzHZRXlHR/WgLcK0vi2KLc7tpQ1ek=
github.com/samchon/ttsc/packages/ttsc/shim/printer v0.0.0-20260515042402-b1ffbb39cb71 h1:159trmIJVjMyZYc6iZi4p+l9RXu9pFcpKw4/GdOVr+0=
github.com/samchon/ttsc/packages/ttsc/shim/printer v0.0.0-20260515042402-b1ffbb39cb71/go.mod h1:ESjhY+UiPRspef4JcXcUPNgt4ySQQrlVIUCLKaKeyEQ=
github.com/samchon/ttsc/packages/ttsc/shim/scanner v0.0.0-20260515042402-b1ffbb39cb71 h1:gxlbAixdq3rzum3Kwey1lfCvwr817UJhG+YReS3iVpI=
github.com/samchon/ttsc/packages/ttsc/shim/scanner v0.0.0-20260515042402-b1ffbb39cb71/go.mod h1:abIC7C28cUA5IQKmLJulsl2qOvmimhkMNOfjJhRm5jM=
github.com/samchon/ttsc/packages/ttsc/shim/tsoptions v0.0.0-20260515042402-b1ffbb39cb71 h1:dLOJHfKx0hjK92ho/oa6q7kq4MDHQNXNMMng5KsPDXw=
github.com/samchon/ttsc/packages/ttsc/shim/tsoptions v0.0.0-20260515042402-b1ffbb39cb71/go.mod h1:EQwrCr3nY0U1SZBNyp6cQSogAiXsjFxTuT8NlMit1lc=
github.com/samchon/ttsc/packages/ttsc/shim/tspath v0.0.0-20260515042402-b1ffbb39cb71 h1:t4up6yGaVQM6pe9m2mbs1Koi63wOwAz99uhKeg9zyAs=
github.com/samchon/ttsc/packages/ttsc/shim/tspath v0.0.0-20260515042402-b1ffbb39cb71/go.mod h1:hsE2c1bZquSNlDLIkT3SfLH3MrDmMk1BLzWI/KomT1A=
github.com/samchon/ttsc/packages/ttsc/shim/vfs v0.0.0-20260515042402-b1ffbb39cb71 h1:URGZM8mKDMZwoGbIcQxlB9nkQ5MdS/VtMtmxu+arUHc=
github.com/samchon/ttsc/packages/ttsc/shim/vfs v0.0.0-20260515042402-b1ffbb39cb71/go.mod h1:HoQcoC0FEG3iMI6zvjg8r6j/ves+RVH6SRn48VSi5H0=
github.com/samchon/ttsc/packages/ttsc/shim/vfs/cachedvfs v0.0.0-20260515042402-b1ffbb39cb71 h1:ySZlL+F/G2kH8zR2qRfxr2Oo2x3VzseStmZi7xveAs8=
github.com/samchon/ttsc/packages/ttsc/shim/vfs/cachedvfs v0.0.0-20260515042402-b1ffbb39cb71/go.mod h1:XS3LhXkn5xadyRe3tW+9+suW/7gh7dPdL43Q+s/lUDo=
github.com/samchon/ttsc/packages/ttsc/shim/vfs/osvfs v0.0.0-20260515042402-b1ffbb39cb71 h1:8sQ6KlE7xUSlh8wPsnRdeHEBJop1qVBpdVqWyGWlj0U=
github.com/samchon/ttsc/packages/ttsc/shim/vfs/osvfs v0.0.0-20260515042402-b1ffbb39cb71/go.mod h1:otX+qw8aZLNCoBmCwMAn53Nw0RQTPzSoId3DxmE67So=
github.com/samchon/typia/packages/typia/native v0.0.0-20260605010728-ccaf86526137 h1:DVwvIddK6dz2fD7ngWZrFcAXsHVJ8itgQU49aN/6EkA=
github.com/samchon/typia/packages/typia/native v0.0.0-20260605010728-ccaf86526137/go.mod h1:SJDrfiCEK5dtObhJeAl0iqelqmmFm/JIjfJ6z0kID60=
github.com/zeebo/assert v1.3.0 h1:g7C04CbJuIDKNPFHmsk4hwZDO5O+kntRxzaUoNXj+IQ=
github.com/zeebo/assert v1.3.0/go.mod h1:Pq9JiuJQpG8JLJdtkwrJESF0Foym2/D9XMU5ciN/wJ0=
github.com/zeebo/xxh3 v1.1.0 h1:s7DLGDK45Dyfg7++yxI0khrfwq9661w9EN78eP/UZVs=
github.com/zeebo/xxh3 v1.1.0/go.mod h1:IisAie1LELR4xhVinxWS5+zf1lA4p0MW4T+w+W07F5s=
golang.org/x/sync v0.20.0 h1:e0PTpb7pjO8GAtTs2dQ6jYa5BWYlMuX047Dco/pItO4=
golang.org/x/sync v0.20.0/go.mod h1:9xrNwdLfx4jkKbNva9FpL6vEN7evnE43NNNJQ2LF3+0=
golang.org/x/sys v0.43.0 h1:Rlag2XtaFTxp19wS8MXlJwTvoh8ArU6ezoyFsMyCTNI=
golang.org/x/sys v0.43.0/go.mod h1:4GL1E5IUh+htKOUEOaiffhrAeqysfVGipDYzABqnCmw=
golang.org/x/text v0.36.0 h1:JfKh3XmcRPqZPKevfXVpI1wXPTqbkE5f7JA92a55Yxg=
golang.org/x/text v0.36.0/go.mod h1:NIdBknypM8iqVmPiuco0Dh6P5Jcdk8lJL0CUebqK164=
gotest.tools/v3 v3.5.2 h1:7koQfIKdy+I8UTetycgUqXWSDwpgv193Ka+qRsmBY8Q=
gotest.tools/v3 v3.5.2/go.mod h1:LtdLGcnqToBH83WByAAi/wiwSFCArdFIUV/xxN4pcjA=
